// !$*UTF8*$!
{
	archiveVersion = 1;
	classes = {
	};
	objectVersion = 56;
	objects = {

/* Begin PBXBuildFile section */
		CB46807F63A40AC8490AC3B3 /* Pods_TikTokApp.framework in Frameworks */ = {isa = PBXBuildFile; fileRef = FD61022BA75E815775E522AF /* Pods_TikTokApp.framework */; };
		CE174E0D2A9D03990021BD9D /* AppDelegate.swift in Sources */ = {isa = PBXBuildFile; fileRef = CE174E0C2A9D03990021BD9D /* AppDelegate.swift */; };
		CE174E0F2A9D03990021BD9D /* SceneDelegate.swift in Sources */ = {isa = PBXBuildFile; fileRef = CE174E0E2A9D03990021BD9D /* SceneDelegate.swift */; };
		CE174E112A9D03990021BD9D /* WelcomeView.swift in Sources */ = {isa = PBXBuildFile; fileRef = CE174E102A9D03990021BD9D /* WelcomeView.swift */; };
		CE174E142A9D03990021BD9D /* Main.storyboard in Resources */ = {isa = PBXBuildFile; fileRef = CE174E122A9D03990021BD9D /* Main.storyboard */; };
		CE174E162A9D03990021BD9D /* Assets.xcassets in Resources */ = {isa = PBXBuildFile; fileRef = CE174E152A9D03990021BD9D /* Assets.xcassets */; };
		CE174E192A9D03990021BD9D /* LaunchScreen.storyboard in Resources */ = {isa = PBXBuildFile; fileRef = CE174E172A9D03990021BD9D /* LaunchScreen.storyboard */; };
		CE174E262A9D0B750021BD9D /* UIView.swift in Sources */ = {isa = PBXBuildFile; fileRef = CE174E252A9D0B750021BD9D /* UIView.swift */; };
		CE174E2B2A9D0BB00021BD9D /* Endpoint.swift in Sources */ = {isa = PBXBuildFile; fileRef = CE174E2A2A9D0BB00021BD9D /* Endpoint.swift */; };
		CE174E2D2A9D0BB70021BD9D /* Feed.swift in Sources */ = {isa = PBXBuildFile; fileRef = CE174E2C2A9D0BB70021BD9D /* Feed.swift */; };
		CE174E3F2A9D5C950021BD9D /* WelcomeModel.swift in Sources */ = {isa = PBXBuildFile; fileRef = CE174E3E2A9D5C950021BD9D /* WelcomeModel.swift */; };
		CE174E412A9D5CA30021BD9D /* WelcomeViewModel.swift in Sources */ = {isa = PBXBuildFile; fileRef = CE174E402A9D5CA30021BD9D /* WelcomeViewModel.swift */; };
		CE174E4B2A9D6D3F0021BD9D /* SignUpView.swift in Sources */ = {isa = PBXBuildFile; fileRef = CE174E4A2A9D6D3F0021BD9D /* SignUpView.swift */; };
		CE174E722AAE21B80021BD9D /* GoogleService-Info.plist in Resources */ = {isa = PBXBuildFile; fileRef = CE174E712AAE21B80021BD9D /* GoogleService-Info.plist */; };
		CE174E782AB109B60021BD9D /* UINavigation.swift in Sources */ = {isa = PBXBuildFile; fileRef = CE174E772AB109B60021BD9D /* UINavigation.swift */; };
		CE174E7C2AB10CA00021BD9D /* ViewsID.swift in Sources */ = {isa = PBXBuildFile; fileRef = CE174E7B2AB10CA00021BD9D /* ViewsID.swift */; };
		CE174E8A2AB22A460021BD9D /* Colors.swift in Sources */ = {isa = PBXBuildFile; fileRef = CE174E892AB22A460021BD9D /* Colors.swift */; };
		CE3380D92AB504E400006C92 /* SignUpViewModel.swift in Sources */ = {isa = PBXBuildFile; fileRef = CE3380D82AB504E400006C92 /* SignUpViewModel.swift */; };
		CE3381212AD8393400006C92 /* NavigationItem.swift in Sources */ = {isa = PBXBuildFile; fileRef = CE3381202AD8393400006C92 /* NavigationItem.swift */; };
		CE3381232AD8394200006C92 /* Images.swift in Sources */ = {isa = PBXBuildFile; fileRef = CE3381222AD8394200006C92 /* Images.swift */; };
		CE3381252AD83A0A00006C92 /* ViewStyler.swift in Sources */ = {isa = PBXBuildFile; fileRef = CE3381242AD83A0A00006C92 /* ViewStyler.swift */; };
		CE7321702ADF28C2003B82BE /* SignUpViewPicker.swift in Sources */ = {isa = PBXBuildFile; fileRef = CE73216F2ADF28C2003B82BE /* SignUpViewPicker.swift */; };
		CE7321722AE06490003B82BE /* Alert.swift in Sources */ = {isa = PBXBuildFile; fileRef = CE7321712AE06490003B82BE /* Alert.swift */; };
		CE91F5DD2AB3992300B34E37 /* SignInView.swift in Sources */ = {isa = PBXBuildFile; fileRef = CE91F5DC2AB3992200B34E37 /* SignInView.swift */; };
/* End PBXBuildFile section */

/* Begin PBXFileReference section */
		B90B2FF9C249FDDFFB4B9CB5 /* Pods-TikTokApp.debug.xcconfig */ = {isa = PBXFileReference; includeInIndex = 1; lastKnownFileType = text.xcconfig; name = "Pods-TikTokApp.debug.xcconfig"; path = "Target Support Files/Pods-TikTokApp/Pods-TikTokApp.debug.xcconfig"; sourceTree = "<group>"; };
		CE174E092A9D03990021BD9D /* TikTokApp.app */ = {isa = PBXFileReference; explicitFileType = wrapper.application; includeInIndex = 0; path = TikTokApp.app; sourceTree = BUILT_PRODUCTS_DIR; };
		CE174E0C2A9D03990021BD9D /* AppDelegate.swift */ = {isa = PBXFileReference; lastKnownFileType = sourcecode.swift; path = AppDelegate.swift; sourceTree = "<group>"; };
		CE174E0E2A9D03990021BD9D /* SceneDelegate.swift */ = {isa = PBXFileReference; lastKnownFileType = sourcecode.swift; path = SceneDelegate.swift; sourceTree = "<group>"; };
		CE174E102A9D03990021BD9D /* WelcomeView.swift */ = {isa = PBXFileReference; lastKnownFileType = sourcecode.swift; path = WelcomeView.swift; sourceTree = "<group>"; };
		CE174E132A9D03990021BD9D /* Base */ = {isa = PBXFileReference; lastKnownFileType = file.storyboard; name = Base; path = Base.lproj/Main.storyboard; sourceTree = "<group>"; };
		CE174E152A9D03990021BD9D /* Assets.xcassets */ = {isa = PBXFileReference; lastKnownFileType = folder.assetcatalog; path = Assets.xcassets; sourceTree = "<group>"; };
		CE174E182A9D03990021BD9D /* Base */ = {isa = PBXFileReference; lastKnownFileType = file.storyboard; name = Base; path = Base.lproj/LaunchScreen.storyboard; sourceTree = "<group>"; };
		CE174E1A2A9D03990021BD9D /* Info.plist */ = {isa = PBXFileReference; lastKnownFileType = text.plist.xml; path = Info.plist; sourceTree = "<group>"; };
		CE174E252A9D0B750021BD9D /* UIView.swift */ = {isa = PBXFileReference; lastKnownFileType = sourcecode.swift; path = UIView.swift; sourceTree = "<group>"; };
		CE174E2A2A9D0BB00021BD9D /* Endpoint.swift */ = {isa = PBXFileReference; lastKnownFileType = sourcecode.swift; path = Endpoint.swift; sourceTree = "<group>"; };
		CE174E2C2A9D0BB70021BD9D /* Feed.swift */ = {isa = PBXFileReference; lastKnownFileType = sourcecode.swift; path = Feed.swift; sourceTree = "<group>"; };
		CE174E3E2A9D5C950021BD9D /* WelcomeModel.swift */ = {isa = PBXFileReference; lastKnownFileType = sourcecode.swift; path = WelcomeModel.swift; sourceTree = "<group>"; };
		CE174E402A9D5CA30021BD9D /* WelcomeViewModel.swift */ = {isa = PBXFileReference; lastKnownFileType = sourcecode.swift; path = WelcomeViewModel.swift; sourceTree = "<group>"; };
		CE174E4A2A9D6D3F0021BD9D /* SignUpView.swift */ = {isa = PBXFileReference; lastKnownFileType = sourcecode.swift; name = SignUpView.swift; path = TikTokApp/Flows/SignUp/SignUpView.swift; sourceTree = SOURCE_ROOT; };
		CE174E712AAE21B80021BD9D /* GoogleService-Info.plist */ = {isa = PBXFileReference; fileEncoding = 4; lastKnownFileType = text.plist.xml; path = "GoogleService-Info.plist"; sourceTree = "<group>"; };
		CE174E772AB109B60021BD9D /* UINavigation.swift */ = {isa = PBXFileReference; lastKnownFileType = sourcecode.swift; path = UINavigation.swift; sourceTree = "<group>"; };
		CE174E7B2AB10CA00021BD9D /* ViewsID.swift */ = {isa = PBXFileReference; lastKnownFileType = sourcecode.swift; path = ViewsID.swift; sourceTree = "<group>"; };
		CE174E7D2AB121380021BD9D /* TikTokAppRelease.entitlements */ = {isa = PBXFileReference; lastKnownFileType = text.plist.entitlements; path = TikTokAppRelease.entitlements; sourceTree = "<group>"; };
		CE174E892AB22A460021BD9D /* Colors.swift */ = {isa = PBXFileReference; lastKnownFileType = sourcecode.swift; path = Colors.swift; sourceTree = "<group>"; };
		CE3380D82AB504E400006C92 /* SignUpViewModel.swift */ = {isa = PBXFileReference; lastKnownFileType = sourcecode.swift; path = SignUpViewModel.swift; sourceTree = "<group>"; };
		CE3381202AD8393400006C92 /* NavigationItem.swift */ = {isa = PBXFileReference; lastKnownFileType = sourcecode.swift; path = NavigationItem.swift; sourceTree = "<group>"; };
		CE3381222AD8394200006C92 /* Images.swift */ = {isa = PBXFileReference; lastKnownFileType = sourcecode.swift; path = Images.swift; sourceTree = "<group>"; };
		CE3381242AD83A0A00006C92 /* ViewStyler.swift */ = {isa = PBXFileReference; lastKnownFileType = sourcecode.swift; path = ViewStyler.swift; sourceTree = "<group>"; };
		CE73216F2ADF28C2003B82BE /* SignUpViewPicker.swift */ = {isa = PBXFileReference; lastKnownFileType = sourcecode.swift; path = SignUpViewPicker.swift; sourceTree = "<group>"; };
		CE7321712AE06490003B82BE /* Alert.swift */ = {isa = PBXFileReference; lastKnownFileType = sourcecode.swift; path = Alert.swift; sourceTree = "<group>"; };
		CE91F5DC2AB3992200B34E37 /* SignInView.swift */ = {isa = PBXFileReference; lastKnownFileType = sourcecode.swift; path = SignInView.swift; sourceTree = "<group>"; };
		F848B3DF0604C454684C7801 /* Pods-TikTokApp.release.xcconfig */ = {isa = PBXFileReference; includeInIndex = 1; lastKnownFileType = text.xcconfig; name = "Pods-TikTokApp.release.xcconfig"; path = "Target Support Files/Pods-TikTokApp/Pods-TikTokApp.release.xcconfig"; sourceTree = "<group>"; };
		FD61022BA75E815775E522AF /* Pods_TikTokApp.framework */ = {isa = PBXFileReference; explicitFileType = wrapper.framework; includeInIndex = 0; path = Pods_TikTokApp.framework; sourceTree = BUILT_PRODUCTS_DIR; };
/* End PBXFileReference section */

/* Begin PBXFrameworksBuildPhase section */
		CE174E062A9D03990021BD9D /* Frameworks */ = {
			isa = PBXFrameworksBuildPhase;
			buildActionMask = 2147483647;
			files = (
				CB46807F63A40AC8490AC3B3 /* Pods_TikTokApp.framework in Frameworks */,
			);
			runOnlyForDeploymentPostprocessing = 0;
		};
/* End PBXFrameworksBuildPhase section */

/* Begin PBXGroup section */
		B824425505F27B797398097C /* Frameworks */ = {
			isa = PBXGroup;
			children = (
				FD61022BA75E815775E522AF /* Pods_TikTokApp.framework */,
			);
			name = Frameworks;
			sourceTree = "<group>";
		};
		CE174E002A9D03980021BD9D = {
			isa = PBXGroup;
			children = (
				CE174E0B2A9D03990021BD9D /* TikTokApp */,
				CE174E0A2A9D03990021BD9D /* Products */,
				F2AABD33D66B8708C0DBB8C6 /* Pods */,
				B824425505F27B797398097C /* Frameworks */,
			);
			sourceTree = "<group>";
		};
		CE174E0A2A9D03990021BD9D /* Products */ = {
			isa = PBXGroup;
			children = (
				CE174E092A9D03990021BD9D /* TikTokApp.app */,
			);
			name = Products;
			sourceTree = "<group>";
		};
		CE174E0B2A9D03990021BD9D /* TikTokApp */ = {
			isa = PBXGroup;
			children = (
				CE3380FD2AD5B6F900006C92 /* UIShared */,
				CE174E202A9D0B090021BD9D /* Extension */,
				CE174E222A9D0B210021BD9D /* Core */,
				CE174E212A9D0B140021BD9D /* Infraestructure */,
				CE174E232A9D0B260021BD9D /* Flows */,
				CE174E0C2A9D03990021BD9D /* AppDelegate.swift */,
				CE174E0E2A9D03990021BD9D /* SceneDelegate.swift */,
				CE174E122A9D03990021BD9D /* Main.storyboard */,
				CE174E152A9D03990021BD9D /* Assets.xcassets */,
				CE174E172A9D03990021BD9D /* LaunchScreen.storyboard */,
				CE174E1A2A9D03990021BD9D /* Info.plist */,
				CE174E712AAE21B80021BD9D /* GoogleService-Info.plist */,
				CE174E7D2AB121380021BD9D /* TikTokAppRelease.entitlements */,
			);
			path = TikTokApp;
			sourceTree = "<group>";
		};
		CE174E202A9D0B090021BD9D /* Extension */ = {
			isa = PBXGroup;
			children = (
				CE174E252A9D0B750021BD9D /* UIView.swift */,
				CE174E772AB109B60021BD9D /* UINavigation.swift */,
				CE174E7B2AB10CA00021BD9D /* ViewsID.swift */,
				CE174E892AB22A460021BD9D /* Colors.swift */,
			);
			path = Extension;
			sourceTree = "<group>";
		};
		CE174E212A9D0B140021BD9D /* Infraestructure */ = {
			isa = PBXGroup;
			children = (
				CE174E272A9D0B8E0021BD9D /* Networking */,
			);
			path = Infraestructure;
			sourceTree = "<group>";
		};
		CE174E222A9D0B210021BD9D /* Core */ = {
			isa = PBXGroup;
			children = (
				CE174E302A9D0BD20021BD9D /* Alert */,
				CE174E312A9D0BD60021BD9D /* Environment */,
				CE174E2E2A9D0BC20021BD9D /* BaseClasses */,
			);
			path = Core;
			sourceTree = "<group>";
		};
		CE174E232A9D0B260021BD9D /* Flows */ = {
			isa = PBXGroup;
			children = (
				CE91F5DB2AB398FE00B34E37 /* SignIn */,
				CE174E4C2A9D6D560021BD9D /* SignUp */,
				CE174E322A9D0BFF0021BD9D /* Welcome */,
			);
			path = Flows;
			sourceTree = "<group>";
		};
		CE174E272A9D0B8E0021BD9D /* Networking */ = {
			isa = PBXGroup;
			children = (
				CE174E292A9D0B9F0021BD9D /* Request */,
				CE174E282A9D0B970021BD9D /* Error */,
				CE174E2A2A9D0BB00021BD9D /* Endpoint.swift */,
				CE174E2C2A9D0BB70021BD9D /* Feed.swift */,
			);
			path = Networking;
			sourceTree = "<group>";
		};
		CE174E282A9D0B970021BD9D /* Error */ = {
			isa = PBXGroup;
			children = (
			);
			path = Error;
			sourceTree = "<group>";
		};
		CE174E292A9D0B9F0021BD9D /* Request */ = {
			isa = PBXGroup;
			children = (
			);
			path = Request;
			sourceTree = "<group>";
		};
		CE174E2E2A9D0BC20021BD9D /* BaseClasses */ = {
			isa = PBXGroup;
			children = (
			);
			path = BaseClasses;
			sourceTree = "<group>";
		};
		CE174E302A9D0BD20021BD9D /* Alert */ = {
			isa = PBXGroup;
			children = (
				CE7321712AE06490003B82BE /* Alert.swift */,
			);
			path = Alert;
			sourceTree = "<group>";
		};
		CE174E312A9D0BD60021BD9D /* Environment */ = {
			isa = PBXGroup;
			children = (
			);
			path = Environment;
			sourceTree = "<group>";
		};
		CE174E322A9D0BFF0021BD9D /* Welcome */ = {
			isa = PBXGroup;
			children = (
				CE174E102A9D03990021BD9D /* WelcomeView.swift */,
				CE174E402A9D5CA30021BD9D /* WelcomeViewModel.swift */,
				CE174E3E2A9D5C950021BD9D /* WelcomeModel.swift */,
			);
			path = Welcome;
			sourceTree = "<group>";
		};
		CE174E4C2A9D6D560021BD9D /* SignUp */ = {
			isa = PBXGroup;
			children = (
				CE174E4A2A9D6D3F0021BD9D /* SignUpView.swift */,
				CE73216F2ADF28C2003B82BE /* SignUpViewPicker.swift */,
				CE3380D82AB504E400006C92 /* SignUpViewModel.swift */,
			);
			path = SignUp;
			sourceTree = "<group>";
		};
		CE3380FD2AD5B6F900006C92 /* UIShared */ = {
			isa = PBXGroup;
			children = (
				CE3381202AD8393400006C92 /* NavigationItem.swift */,
				CE3381222AD8394200006C92 /* Images.swift */,
				CE3381242AD83A0A00006C92 /* ViewStyler.swift */,
			);
			path = UIShared;
			sourceTree = "<group>";
		};
		CE91F5DB2AB398FE00B34E37 /* SignIn */ = {
			isa = PBXGroup;
			children = (
				CE91F5DC2AB3992200B34E37 /* SignInView.swift */,
			);
			path = SignIn;
			sourceTree = "<group>";
		};
		F2AABD33D66B8708C0DBB8C6 /* Pods */ = {
			isa = PBXGroup;
			children = (
				B90B2FF9C249FDDFFB4B9CB5 /* Pods-TikTokApp.debug.xcconfig */,
				F848B3DF0604C454684C7801 /* Pods-TikTokApp.release.xcconfig */,
			);
			path = Pods;
			sourceTree = "<group>";
		};
/* End PBXGroup section */

/* Begin PBXNativeTarget section */
		CE174E082A9D03990021BD9D /* TikTokApp */ = {
			isa = PBXNativeTarget;
			buildConfigurationList = CE174E1D2A9D03990021BD9D /* Build configuration list for PBXNativeTarget "TikTokApp" */;
			buildPhases = (
				6857184257AD11EAB7170D63 /* [CP] Check Pods Manifest.lock */,
				CE174E052A9D03990021BD9D /* Sources */,
				CE174E062A9D03990021BD9D /* Frameworks */,
				CE174E072A9D03990021BD9D /* Resources */,
				51923F627C88AD676FB6EA93 /* [CP] Embed Pods Frameworks */,
			);
			buildRules = (
			);
			dependencies = (
			);
			name = TikTokApp;
			productName = TikTokApp;
			productReference = CE174E092A9D03990021BD9D /* TikTokApp.app */;
			productType = "com.apple.product-type.application";
		};
/* End PBXNativeTarget section */

/* Begin PBXProject section */
		CE174E012A9D03980021BD9D /* Project object */ = {
			isa = PBXProject;
			attributes = {
				BuildIndependentTargetsInParallel = 1;
				LastSwiftUpdateCheck = 1430;
				LastUpgradeCheck = 1430;
				TargetAttributes = {
					CE174E082A9D03990021BD9D = {
						CreatedOnToolsVersion = 14.3.1;
					};
				};
			};
			buildConfigurationList = CE174E042A9D03980021BD9D /* Build configuration list for PBXProject "TikTokApp" */;
			compatibilityVersion = "Xcode 14.0";
			developmentRegion = en;
			hasScannedForEncodings = 0;
			knownRegions = (
				en,
				Base,
			);
			mainGroup = CE174E002A9D03980021BD9D;
			productRefGroup = CE174E0A2A9D03990021BD9D /* Products */;
			projectDirPath = "";
			projectRoot = "";
			targets = (
				CE174E082A9D03990021BD9D /* TikTokApp */,
			);
		};
/* End PBXProject section */

/* Begin PBXResourcesBuildPhase section */
		CE174E072A9D03990021BD9D /* Resources */ = {
			isa = PBXResourcesBuildPhase;
			buildActionMask = 2147483647;
			files = (
				CE174E192A9D03990021BD9D /* LaunchScreen.storyboard in Resources */,
				CE174E162A9D03990021BD9D /* Assets.xcassets in Resources */,
				CE174E142A9D03990021BD9D /* Main.storyboard in Resources */,
				CE174E722AAE21B80021BD9D /* GoogleService-Info.plist in Resources */,
			);
			runOnlyForDeploymentPostprocessing = 0;
		};
/* End PBXResourcesBuildPhase section */

/* Begin PBXShellScriptBuildPhase section */
		51923F627C88AD676FB6EA93 /* [CP] Embed Pods Frameworks */ = {
			isa = PBXShellScriptBuildPhase;
			buildActionMask = 2147483647;
			files = (
			);
			inputFileListPaths = (
				"${PODS_ROOT}/Target Support Files/Pods-TikTokApp/Pods-TikTokApp-frameworks-${CONFIGURATION}-input-files.xcfilelist",
			);
			name = "[CP] Embed Pods Frameworks";
			outputFileListPaths = (
				"${PODS_ROOT}/Target Support Files/Pods-TikTokApp/Pods-TikTokApp-frameworks-${CONFIGURATION}-output-files.xcfilelist",
			);
			runOnlyForDeploymentPostprocessing = 0;
			shellPath = /bin/sh;
			shellScript = "\"${PODS_ROOT}/Target Support Files/Pods-TikTokApp/Pods-TikTokApp-frameworks.sh\"\n";
			showEnvVarsInLog = 0;
		};
		6857184257AD11EAB7170D63 /* [CP] Check Pods Manifest.lock */ = {
			isa = PBXShellScriptBuildPhase;
			buildActionMask = 2147483647;
			files = (
			);
			inputFileListPaths = (
			);
			inputPaths = (
				"${PODS_PODFILE_DIR_PATH}/Podfile.lock",
				"${PODS_ROOT}/Manifest.lock",
			);
			name = "[CP] Check Pods Manifest.lock";
			outputFileListPaths = (
			);
			outputPaths = (
				"$(DERIVED_FILE_DIR)/Pods-TikTokApp-checkManifestLockResult.txt",
			);
			runOnlyForDeploymentPostprocessing = 0;
			shellPath = /bin/sh;
			shellScript = "diff \"${PODS_PODFILE_DIR_PATH}/Podfile.lock\" \"${PODS_ROOT}/Manifest.lock\" > /dev/null\nif [ $? != 0 ] ; then\n    # print error to STDERR\n    echo \"error: The sandbox is not in sync with the Podfile.lock. Run 'pod install' or update your CocoaPods installation.\" >&2\n    exit 1\nfi\n# This output is used by Xcode 'outputs' to avoid re-running this script phase.\necho \"SUCCESS\" > \"${SCRIPT_OUTPUT_FILE_0}\"\n";
			showEnvVarsInLog = 0;
		};
/* End PBXShellScriptBuildPhase section */

/* Begin PBXSourcesBuildPhase section */
		CE174E052A9D03990021BD9D /* Sources */ = {
			isa = PBXSourcesBuildPhase;
			buildActionMask = 2147483647;
			files = (
				CE7321702ADF28C2003B82BE /* SignUpViewPicker.swift in Sources */,
				CE174E4B2A9D6D3F0021BD9D /* SignUpView.swift in Sources */,
				CE3380D92AB504E400006C92 /* SignUpViewModel.swift in Sources */,
				CE174E8A2AB22A460021BD9D /* Colors.swift in Sources */,
				CE174E262A9D0B750021BD9D /* UIView.swift in Sources */,
				CE7321722AE06490003B82BE /* Alert.swift in Sources */,
				CE174E412A9D5CA30021BD9D /* WelcomeViewModel.swift in Sources */,
				CE174E2D2A9D0BB70021BD9D /* Feed.swift in Sources */,
				CE91F5DD2AB3992300B34E37 /* SignInView.swift in Sources */,
				CE174E3F2A9D5C950021BD9D /* WelcomeModel.swift in Sources */,
				CE174E112A9D03990021BD9D /* WelcomeView.swift in Sources */,
				CE3381252AD83A0A00006C92 /* ViewStyler.swift in Sources */,
				CE174E0D2A9D03990021BD9D /* AppDelegate.swift in Sources */,
				CE174E7C2AB10CA00021BD9D /* ViewsID.swift in Sources */,
				CE174E782AB109B60021BD9D /* UINavigation.swift in Sources */,
				CE174E0F2A9D03990021BD9D /* SceneDelegate.swift in Sources */,
				CE3381232AD8394200006C92 /* Images.swift in Sources */,
				CE174E2B2A9D0BB00021BD9D /* Endpoint.swift in Sources */,
				CE3381212AD8393400006C92 /* NavigationItem.swift in Sources */,
			);
			runOnlyForDeploymentPostprocessing = 0;
		};
/* End PBXSourcesBuildPhase section */

/* Begin PBXVariantGroup section */
		CE174E122A9D03990021BD9D /* Main.storyboard */ = {
			isa = PBXVariantGroup;
			children = (
				CE174E132A9D03990021BD9D /* Base */,
			);
			name = Main.storyboard;
			sourceTree = "<group>";
		};
		CE174E172A9D03990021BD9D /* LaunchScreen.storyboard */ = {
			isa = PBXVariantGroup;
			children = (
				CE174E182A9D03990021BD9D /* Base */,
			);
			name = LaunchScreen.storyboard;
			sourceTree = "<group>";
		};
/* End PBXVariantGroup section */

/* Begin XCBuildConfiguration section */
		CE174E1B2A9D03990021BD9D /* Debug */ = {
			isa = XCBuildConfiguration;
			buildSettings = {
				ALWAYS_SEARCH_USER_PATHS = NO;
				CLANG_ANALYZER_NONNULL = YES;
				CLANG_ANALYZER_NUMBER_OBJECT_CONVERSION = YES_AGGRESSIVE;
				CLANG_CXX_LANGUAGE_STANDARD = "gnu++20";
				CLANG_ENABLE_MODULES = YES;
				CLANG_ENABLE_OBJC_ARC = YES;
				CLANG_ENABLE_OBJC_WEAK = YES;
				CLANG_WARN_BLOCK_CAPTURE_AUTORELEASING = YES;
				CLANG_WARN_BOOL_CONVERSION = YES;
				CLANG_WARN_COMMA = YES;
				CLANG_WARN_CONSTANT_CONVERSION = YES;
				CLANG_WARN_DEPRECATED_OBJC_IMPLEMENTATIONS = YES;
				CLANG_WARN_DIRECT_OBJC_ISA_USAGE = YES_ERROR;
				CLANG_WARN_DOCUMENTATION_COMMENTS = YES;
				CLANG_WARN_EMPTY_BODY = YES;
				CLANG_WARN_ENUM_CONVERSION = YES;
				CLANG_WARN_INFINITE_RECURSION = YES;
				CLANG_WARN_INT_CONVERSION = YES;
				CLANG_WARN_NON_LITERAL_NULL_CONVERSION = YES;
				CLANG_WARN_OBJC_IMPLICIT_RETAIN_SELF = YES;
				CLANG_WARN_OBJC_LITERAL_CONVERSION = YES;
				CLANG_WARN_OBJC_ROOT_CLASS = YES_ERROR;
				CLANG_WARN_QUOTED_INCLUDE_IN_FRAMEWORK_HEADER = YES;
				CLANG_WARN_RANGE_LOOP_ANALYSIS = YES;
				CLANG_WARN_STRICT_PROTOTYPES = YES;
				CLANG_WARN_SUSPICIOUS_MOVE = YES;
				CLANG_WARN_UNGUARDED_AVAILABILITY = YES_AGGRESSIVE;
				CLANG_WARN_UNREACHABLE_CODE = YES;
				CLANG_WARN__DUPLICATE_METHOD_MATCH = YES;
				COPY_PHASE_STRIP = NO;
				DEBUG_INFORMATION_FORMAT = dwarf;
				ENABLE_STRICT_OBJC_MSGSEND = YES;
				ENABLE_TESTABILITY = YES;
				GCC_C_LANGUAGE_STANDARD = gnu11;
				GCC_DYNAMIC_NO_PIC = NO;
				GCC_NO_COMMON_BLOCKS = YES;
				GCC_OPTIMIZATION_LEVEL = 0;
				GCC_PREPROCESSOR_DEFINITIONS = (
					"DEBUG=1",
					"$(inherited)",
				);
				GCC_WARN_64_TO_32_BIT_CONVERSION = YES;
				GCC_WARN_ABOUT_RETURN_TYPE = YES_ERROR;
				GCC_WARN_UNDECLARED_SELECTOR = YES;
				GCC_WARN_UNINITIALIZED_AUTOS = YES_AGGRESSIVE;
				GCC_WARN_UNUSED_FUNCTION = YES;
				GCC_WARN_UNUSED_VARIABLE = YES;
				IPHONEOS_DEPLOYMENT_TARGET = 16.4;
				MTL_ENABLE_DEBUG_INFO = INCLUDE_SOURCE;
				MTL_FAST_MATH = YES;
				ONLY_ACTIVE_ARCH = YES;
				SDKROOT = iphoneos;
				SWIFT_ACTIVE_COMPILATION_CONDITIONS = DEBUG;
				SWIFT_OPTIMIZATION_LEVEL = "-Onone";
			};
			name = Debug;
		};
		CE174E1C2A9D03990021BD9D /* Release */ = {
			isa = XCBuildConfiguration;
			buildSettings = {
				ALWAYS_SEARCH_USER_PATHS = NO;
				CLANG_ANALYZER_NONNULL = YES;
				CLANG_ANALYZER_NUMBER_OBJECT_CONVERSION = YES_AGGRESSIVE;
				CLANG_CXX_LANGUAGE_STANDARD = "gnu++20";
				CLANG_ENABLE_MODULES = YES;
				CLANG_ENABLE_OBJC_ARC = YES;
				CLANG_ENABLE_OBJC_WEAK = YES;
				CLANG_WARN_BLOCK_CAPTURE_AUTORELEASING = YES;
				CLANG_WARN_BOOL_CONVERSION = YES;
				CLANG_WARN_COMMA = YES;
				CLANG_WARN_CONSTANT_CONVERSION = YES;
				CLANG_WARN_DEPRECATED_OBJC_IMPLEMENTATIONS = YES;
				CLANG_WARN_DIRECT_OBJC_ISA_USAGE = YES_ERROR;
				CLANG_WARN_DOCUMENTATION_COMMENTS = YES;
				CLANG_WARN_EMPTY_BODY = YES;
				CLANG_WARN_ENUM_CONVERSION = YES;
				CLANG_WARN_INFINITE_RECURSION = YES;
				CLANG_WARN_INT_CONVERSION = YES;
				CLANG_WARN_NON_LITERAL_NULL_CONVERSION = YES;
				CLANG_WARN_OBJC_IMPLICIT_RETAIN_SELF = YES;
				CLANG_WARN_OBJC_LITERAL_CONVERSION = YES;
				CLANG_WARN_OBJC_ROOT_CLASS = YES_ERROR;
				CLANG_WARN_QUOTED_INCLUDE_IN_FRAMEWORK_HEADER = YES;
				CLANG_WARN_RANGE_LOOP_ANALYSIS = YES;
				CLANG_WARN_STRICT_PROTOTYPES = YES;
				CLANG_WARN_SUSPICIOUS_MOVE = YES;
				CLANG_WARN_UNGUARDED_AVAILABILITY = YES_AGGRESSIVE;
				CLANG_WARN_UNREACHABLE_CODE = YES;
				CLANG_WARN__DUPLICATE_METHOD_MATCH = YES;
				COPY_PHASE_STRIP = NO;
				DEBUG_INFORMATION_FORMAT = "dwarf-with-dsym";
				ENABLE_NS_ASSERTIONS = NO;
				ENABLE_STRICT_OBJC_MSGSEND = YES;
				GCC_C_LANGUAGE_STANDARD = gnu11;
				GCC_NO_COMMON_BLOCKS = YES;
				GCC_WARN_64_TO_32_BIT_CONVERSION = YES;
				GCC_WARN_ABOUT_RETURN_TYPE = YES_ERROR;
				GCC_WARN_UNDECLARED_SELECTOR = YES;
				GCC_WARN_UNINITIALIZED_AUTOS = YES_AGGRESSIVE;
				GCC_WARN_UNUSED_FUNCTION = YES;
				GCC_WARN_UNUSED_VARIABLE = YES;
				IPHONEOS_DEPLOYMENT_TARGET = 16.4;
				MTL_ENABLE_DEBUG_INFO = NO;
				MTL_FAST_MATH = YES;
				SDKROOT = iphoneos;
				SWIFT_COMPILATION_MODE = wholemodule;
				SWIFT_OPTIMIZATION_LEVEL = "-O";
				VALIDATE_PRODUCT = YES;
			};
			name = Release;
		};
		CE174E1E2A9D03990021BD9D /* Debug */ = {
			isa = XCBuildConfiguration;
			baseConfigurationReference = B90B2FF9C249FDDFFB4B9CB5 /* Pods-TikTokApp.debug.xcconfig */;
			buildSettings = {
				ASSETCATALOG_COMPILER_APPICON_NAME = AppIcon;
				ASSETCATALOG_COMPILER_GLOBAL_ACCENT_COLOR_NAME = AccentColor;
				CODE_SIGN_STYLE = Automatic;
				CURRENT_PROJECT_VERSION = 1;
				DEVELOPMENT_TEAM = 6GW567P6JY;
				GENERATE_INFOPLIST_FILE = YES;
				INFOPLIST_FILE = TikTokApp/Info.plist;
				INFOPLIST_KEY_UIApplicationSupportsIndirectInputEvents = YES;
				INFOPLIST_KEY_UILaunchStoryboardName = LaunchScreen;
				INFOPLIST_KEY_UIMainStoryboardFile = Main;
				INFOPLIST_KEY_UISupportedInterfaceOrientations_iPad = "UIInterfaceOrientationPortrait UIInterfaceOrientationPortraitUpsideDown UIInterfaceOrientationLandscapeLeft UIInterfaceOrientationLandscapeRight";
				INFOPLIST_KEY_UISupportedInterfaceOrientations_iPhone = "UIInterfaceOrientationPortrait UIInterfaceOrientationLandscapeLeft UIInterfaceOrientationLandscapeRight";
				LD_RUNPATH_SEARCH_PATHS = (
					"$(inherited)",
					"@executable_path/Frameworks",
				);
				MARKETING_VERSION = 1.0;
				PRODUCT_BUNDLE_IDENTIFIER = com.yenniferhurtado.TikTokApp;
				PRODUCT_NAME = "$(TARGET_NAME)";
				SWIFT_EMIT_LOC_STRINGS = YES;
				SWIFT_VERSION = 5.0;
				TARGETED_DEVICE_FAMILY = "1,2";
			};
			name = Debug;
		};
		CE174E1F2A9D03990021BD9D /* Release */ = {
			isa = XCBuildConfiguration;
			baseConfigurationReference = F848B3DF0604C454684C7801 /* Pods-TikTokApp.release.xcconfig */;
			buildSettings = {
				ASSETCATALOG_COMPILER_APPICON_NAME = AppIcon;
				ASSETCATALOG_COMPILER_GLOBAL_ACCENT_COLOR_NAME = AccentColor;
				CODE_SIGN_ENTITLEMENTS = TikTokApp/TikTokAppRelease.entitlements;
				CODE_SIGN_STYLE = Automatic;
				CURRENT_PROJECT_VERSION = 1;
				DEVELOPMENT_TEAM = 6GW567P6JY;
				GENERATE_INFOPLIST_FILE = YES;
				INFOPLIST_FILE = TikTokApp/Info.plist;
				INFOPLIST_KEY_UIApplicationSupportsIndirectInputEvents = YES;
				INFOPLIST_KEY_UILaunchStoryboardName = LaunchScreen;
				INFOPLIST_KEY_UIMainStoryboardFile = Main;
				INFOPLIST_KEY_UISupportedInterfaceOrientations_iPad = "UIInterfaceOrientationPortrait UIInterfaceOrientationPortraitUpsideDown UIInterfaceOrientationLandscapeLeft UIInterfaceOrientationLandscapeRight";
				INFOPLIST_KEY_UISupportedInterfaceOrientations_iPhone = "UIInterfaceOrientationPortrait UIInterfaceOrientationLandscapeLeft UIInterfaceOrientationLandscapeRight";
				LD_RUNPATH_SEARCH_PATHS = (
					"$(inherited)",
					"@executable_path/Frameworks",
				);
				MARKETING_VERSION = 1.0;
				PRODUCT_BUNDLE_IDENTIFIER = com.yenniferhurtado.TikTokApp;
				PRODUCT_NAME = "$(TARGET_NAME)";
				SWIFT_EMIT_LOC_STRINGS = YES;
				SWIFT_VERSION = 5.0;
				TARGETED_DEVICE_FAMILY = "1,2";
			};
			name = Release;
		};
/* End XCBuildConfiguration section */

/* Begin XCConfigurationList section */
		CE174E042A9D03980021BD9D /* Build configuration list for PBXProject "TikTokApp" */ = {
			isa = XCConfigurationList;
			buildConfigurations = (
				CE174E1B2A9D03990021BD9D /* Debug */,
				CE174E1C2A9D03990021BD9D /* Release */,
			);
			defaultConfigurationIsVisible = 0;
			defaultConfigurationName = Release;
		};
		CE174E1D2A9D03990021BD9D /* Build configuration list for PBXNativeTarget "TikTokApp" */ = {
			isa = XCConfigurationList;
			buildConfigurations = (
				CE174E1E2A9D03990021BD9D /* Debug */,
				CE174E1F2A9D03990021BD9D /* Release */,
			);
			defaultConfigurationIsVisible = 0;
			defaultConfigurationName = Release;
		};
/* End XCConfigurationList section */
	};
	rootObject = CE174E012A9D03980021BD9D /* Project object */;
}
